<?xml version="1.0" encoding="utf-8"?>
<Project ToolsVersion="4.0" xmlns="http://schemas.microsoft.com/developer/msbuild/2003">
  <ItemGroup>
    <Filter Include="소스 파일">
      <UniqueIdentifier>{4FC737F1-C7A5-4376-A066-2A32D752A2FF}</UniqueIdentifier>
      <Extensions>cpp;c;cc;cxx;def;odl;idl;hpj;bat;asm;asmx</Extensions>
    </Filter>
    <Filter Include="헤더 파일">
      <UniqueIdentifier>{93995380-89BD-4b04-88EB-625FBE52EBFB}</UniqueIdentifier>
      <Extensions>h;hh;hpp;hxx;hm;inl;inc;ipp;xsd</Extensions>
    </Filter>
    <Filter Include="리소스 파일">
      <UniqueIdentifier>{67DA6AB6-F800-4c08-8B7A-83BB121AAD01}</UniqueIdentifier>
      <Extensions>rc;ico;cur;bmp;dlg;rc2;rct;bin;rgs;gif;jpg;jpeg;jpe;resx;tiff;tif;png;wav;mfcribbon-ms</Extensions>
    </Filter>
    <Filter Include="소스 파일\Device">
      <UniqueIdentifier>{e396b6f3-e752-46a0-9b52-46daaaaece54}</UniqueIdentifier>
    </Filter>
    <Filter Include="소스 파일\Assimp">
      <UniqueIdentifier>{6fae4294-f043-4fa6-aedb-8c71f8b81e04}</UniqueIdentifier>
    </Filter>
    <Filter Include="소스 파일\Utility">
      <UniqueIdentifier>{23ff785b-acaf-4254-9408-a676a4d537bb}</UniqueIdentifier>
    </Filter>
    <Filter Include="소스 파일\Render">
      <UniqueIdentifier>{9be513ee-62af-4aeb-89bf-cb5c87391965}</UniqueIdentifier>
    </Filter>
    <Filter Include="소스 파일\Model">
      <UniqueIdentifier>{ec38e83f-f4de-4437-b25a-6cf1116a1de5}</UniqueIdentifier>
    </Filter>
  </ItemGroup>
  <ItemGroup>
    <ClCompile Include="code\graphics.cpp">
      <Filter>소스 파일</Filter>
    </ClCompile>
    <ClCompile Include="code\main.cpp">
      <Filter>소스 파일</Filter>
    </ClCompile>
    <ClCompile Include="code\platform.cpp">
      <Filter>소스 파일</Filter>
    </ClCompile>
    <ClCompile Include="code\input.cpp">
      <Filter>소스 파일</Filter>
    </ClCompile>
    <ClCompile Include="code\Assimp\loader.cpp">
      <Filter>소스 파일\Assimp</Filter>
    </ClCompile>
    <ClCompile Include="code\Utility\BinaryFile.cpp">
      <Filter>소스 파일\Utility</Filter>
    </ClCompile>
    <ClCompile Include="code\Utility\Path.cpp">
      <Filter>소스 파일\Utility</Filter>
    </ClCompile>
    <ClCompile Include="code\Utility\String.cpp">
      <Filter>소스 파일\Utility</Filter>
    </ClCompile>
    <ClCompile Include="code\Utility\Xml.cpp">
      <Filter>소스 파일\Utility</Filter>
    </ClCompile>
    <ClCompile Include="code\Utility\WICTextureLoader.cpp">
      <Filter>소스 파일\Utility</Filter>
    </ClCompile>
    <ClCompile Include="code\Model\model.cpp">
      <Filter>소스 파일\Model</Filter>
    </ClCompile>
    <ClCompile Include="code\Model\model_bone.cpp">
      <Filter>소스 파일\Model</Filter>
    </ClCompile>
    <ClCompile Include="code\Model\model_material.cpp">
      <Filter>소스 파일\Model</Filter>
    </ClCompile>
    <ClCompile Include="code\Device\d3d.cpp">
      <Filter>소스 파일\Device</Filter>
    </ClCompile>
  </ItemGroup>
  <ItemGroup>
    <ClInclude Include="code\graphics.hpp">
      <Filter>소스 파일</Filter>
    </ClInclude>
    <ClInclude Include="code\common.hpp">
      <Filter>소스 파일</Filter>
    </ClInclude>
    <ClInclude Include="code\platform.hpp">
      <Filter>소스 파일</Filter>
    </ClInclude>
    <ClInclude Include="code\input.hpp">
      <Filter>소스 파일</Filter>
    </ClInclude>
    <ClInclude Include="code\debug.hpp">
      <Filter>소스 파일</Filter>
    </ClInclude>
    <ClInclude Include="code\Assimp\assimp_type.hpp">
      <Filter>소스 파일\Assimp</Filter>
    </ClInclude>
    <ClInclude Include="code\Assimp\loader.hpp">
      <Filter>소스 파일\Assimp</Filter>
    </ClInclude>
    <ClInclude Include="code\Utility\BinaryFile.h">
      <Filter>소스 파일\Utility</Filter>
    </ClInclude>
    <ClInclude Include="code\Utility\Path.h">
      <Filter>소스 파일\Utility</Filter>
    </ClInclude>
    <ClInclude Include="code\Utility\String.h">
      <Filter>소스 파일\Utility</Filter>
    </ClInclude>
    <ClInclude Include="code\Utility\Xml.h">
      <Filter>소스 파일\Utility</Filter>
    </ClInclude>
    <ClInclude Include="code\Utility\WICTextureLoader.h">
      <Filter>소스 파일\Utility</Filter>
    </ClInclude>
    <ClInclude Include="code\Model\model.hpp">
      <Filter>소스 파일\Model</Filter>
    </ClInclude>
    <ClInclude Include="code\Model\model_bone.hpp">
      <Filter>소스 파일\Model</Filter>
    </ClInclude>
    <ClInclude Include="code\Model\model_type.hpp">
      <Filter>소스 파일\Model</Filter>
    </ClInclude>
    <ClInclude Include="code\Model\model_material.hpp">
      <Filter>소스 파일\Model</Filter>
    </ClInclude>
    <ClInclude Include="code\Device\d3d.hpp">
      <Filter>소스 파일\Device</Filter>
    </ClInclude>
  </ItemGroup>
</Project>